
Microsoft Visual Studio Solution File, Format Version 12.00
# Visual Studio Version 17
VisualStudioVersion = 17.0.31710.8
MinimumVisualStudioVersion = 10.0.40219.1
Project("{FAE04EC0-301F-11D3-BF4B-00C04F79EFBC}") = "rest.Server", "rest\Server\rest.Server.csproj", "{98774350-6537-4847-810C-83ED1602F8A2}"
EndProject
Project("{FAE04EC0-301F-11D3-BF4B-00C04F79EFBC}") = "rest.Client", "rest\Client\rest.Client.csproj", "{8C1BB951-0FB9-4181-992F-351C70D581BB}"
EndProject
Project("{FAE04EC0-301F-11D3-BF4B-00C04F79EFBC}") = "rest.Shared", "rest\Shared\rest.Shared.csproj", "{64C63241-C46D-402D-8EF8-23B646830F2B}"
EndProject
Global
	GlobalSection(SolutionConfigurationPlatforms) = preSolution
		Debug|Any CPU = Debug|Any CPU
		Release|Any CPU = Release|Any CPU
	EndGlobalSection
	GlobalSection(ProjectConfigurationPlatforms) = postSolution
		{98774350-6537-4847-810C-83ED1602F8A2}.Debug|Any CPU.ActiveCfg = Debug|Any CPU
		{98774350-6537-4847-810C-83ED1602F8A2}.Debug|Any CPU.Build.0 = Debug|Any CPU
		{98774350-6537-4847-810C-83ED1602F8A2}.Release|Any CPU.ActiveCfg = Release|Any CPU
		{98774350-6537-4847-810C-83ED1602F8A2}.Release|Any CPU.Build.0 = Release|Any CPU
		{8C1BB951-0FB9-4181-992F-351C70D581BB}.Debug|Any CPU.ActiveCfg = Debug|Any CPU
		{8C1BB951-0FB9-4181-992F-351C70D581BB}.Debug|Any CPU.Build.0 = Debug|Any CPU
		{8C1BB951-0FB9-4181-992F-351C70D581BB}.Release|Any CPU.ActiveCfg = Release|Any CPU
		{8C1BB951-0FB9-4181-992F-351C70D581BB}.Release|Any CPU.Build.0 = Release|Any CPU
		{64C63241-C46D-402D-8EF8-23B646830F2B}.Debug|Any CPU.ActiveCfg = Debug|Any CPU
		{64C63241-C46D-402D-8EF8-23B646830F2B}.Debug|Any CPU.Build.0 = Debug|Any CPU
		{64C63241-C46D-402D-8EF8-23B646830F2B}.Release|Any CPU.ActiveCfg = Release|Any CPU
		{64C63241-C46D-402D-8EF8-23B646830F2B}.Release|Any CPU.Build.0 = Release|Any CPU
	EndGlobalSection
	GlobalSection(SolutionProperties) = preSolution
		HideSolutionNode = FALSE
	EndGlobalSection
	GlobalSection(ExtensibilityGlobals) = postSolution
		SolutionGuid = {41324607-A373-44CF-A476-98D4268A8332}
	EndGlobalSection
EndGlobal
